
Microsoft Visual Studio Solution File, Format Version 12.00
# Visual Studio 15
VisualStudioVersion = 15.0.28307.1000
MinimumVisualStudioVersion = 10.0.40219.1
Project("{F184B08F-C81C-45F6-A57F-5ABD9991F28F}") = "AccesoDatos", "AccesoDatos\AccesoDatos.vbproj", "{8598BFB6-4795-411E-A3A8-79B34E3744C1}"
EndProject
Global
	GlobalSection(SolutionConfigurationPlatforms) = preSolution
		Debug|Any CPU = Debug|Any CPU
		Release|Any CPU = Release|Any CPU
	EndGlobalSection
	GlobalSection(ProjectConfigurationPlatforms) = postSolution
		{8598BFB6-4795-411E-A3A8-79B34E3744C1}.Debug|Any CPU.ActiveCfg = Debug|Any CPU
		{8598BFB6-4795-411E-A3A8-79B34E3744C1}.Debug|Any CPU.Build.0 = Debug|Any CPU
		{8598BFB6-4795-411E-A3A8-79B34E3744C1}.Release|Any CPU.ActiveCfg = Release|Any CPU
		{8598BFB6-4795-411E-A3A8-79B34E3744C1}.Release|Any CPU.Build.0 = Release|Any CPU
	EndGlobalSection
	GlobalSection(SolutionProperties) = preSolution
		HideSolutionNode = FALSE
	EndGlobalSection
	GlobalSection(ExtensibilityGlobals) = postSolution
		SolutionGuid = {D402C1D9-E78A-46DE-90B0-6A5560DBF6DF}
	EndGlobalSection
EndGlobal
